
Microsoft Visual Studio Solution File, Format Version 12.00
# Visual Studio Version 16
VisualStudioVersion = 16.0.29911.84
MinimumVisualStudioVersion = 10.0.40219.1
Project("{FAE04EC0-301F-11D3-BF4B-00C04F79EFBC}") = "Twinston.Base", "Twinston.Base.csproj", "{6C762F8E-5BF5-4AF9-9E23-55806A3662A0}"
EndProject
Project("{FAE04EC0-301F-11D3-BF4B-00C04F79EFBC}") = "Twinston.Core", "..\Twinston.Core\Twinston.Core.csproj", "{939AB1D8-4109-4F0A-AA32-153E3F31055B}"
EndProject
Project("{FAE04EC0-301F-11D3-BF4B-00C04F79EFBC}") = "Twinston.UnitTests", "..\Twinston.UnitTests\Twinston.UnitTests.csproj", "{68246E75-9DC1-4ACB-BFAE-01910024F74D}"
EndProject
Global
	GlobalSection(SolutionConfigurationPlatforms) = preSolution
		Debug|Any CPU = Debug|Any CPU
		Release|Any CPU = Release|Any CPU
	EndGlobalSection
	GlobalSection(ProjectConfigurationPlatforms) = postSolution
		{6C762F8E-5BF5-4AF9-9E23-55806A3662A0}.Debug|Any CPU.ActiveCfg = Debug|Any CPU
		{6C762F8E-5BF5-4AF9-9E23-55806A3662A0}.Debug|Any CPU.Build.0 = Debug|Any CPU
		{6C762F8E-5BF5-4AF9-9E23-55806A3662A0}.Release|Any CPU.ActiveCfg = Release|Any CPU
		{6C762F8E-5BF5-4AF9-9E23-55806A3662A0}.Release|Any CPU.Build.0 = Release|Any CPU
		{939AB1D8-4109-4F0A-AA32-153E3F31055B}.Debug|Any CPU.ActiveCfg = Debug|Any CPU
		{939AB1D8-4109-4F0A-AA32-153E3F31055B}.Debug|Any CPU.Build.0 = Debug|Any CPU
		{939AB1D8-4109-4F0A-AA32-153E3F31055B}.Release|Any CPU.ActiveCfg = Release|Any CPU
		{939AB1D8-4109-4F0A-AA32-153E3F31055B}.Release|Any CPU.Build.0 = Release|Any CPU
		{68246E75-9DC1-4ACB-BFAE-01910024F74D}.Debug|Any CPU.ActiveCfg = Debug|Any CPU
		{68246E75-9DC1-4ACB-BFAE-01910024F74D}.Debug|Any CPU.Build.0 = Debug|Any CPU
		{68246E75-9DC1-4ACB-BFAE-01910024F74D}.Release|Any CPU.ActiveCfg = Release|Any CPU
		{68246E75-9DC1-4ACB-BFAE-01910024F74D}.Release|Any CPU.Build.0 = Release|Any CPU
	EndGlobalSection
	GlobalSection(SolutionProperties) = preSolution
		HideSolutionNode = FALSE
	EndGlobalSection
	GlobalSection(ExtensibilityGlobals) = postSolution
		SolutionGuid = {A4D1C3BE-F116-4675-A0B8-BFD586B891EB}
	EndGlobalSection
EndGlobal
